{
    "_readme": [
        "This file locks the dependencies of your project to a known state",
        "Read more about it at https://getcomposer.org/doc/01-basic-usage.md#composer-lock-the-lock-file",
        "This file is @generated automatically"
    ],
    "content-hash": "d7165740689ddb1508f2034dd3a3170e",
    "packages": [
        {
            "name": "marcj/topsort",
            "version": "1.1.0",
            "source": {
                "type": "git",
                "url": "https://github.com/marcj/topsort.php.git",
                "reference": "387086c2db60ee0a27ac5df588c0f0b30c6bdc4b"
            },
            "dist": {
                "type": "zip",
                "url": "https://api.github.com/repos/marcj/topsort.php/zipball/387086c2db60ee0a27ac5df588c0f0b30c6bdc4b",
                "reference": "387086c2db60ee0a27ac5df588c0f0b30c6bdc4b",
                "shasum": ""
            },
            "require": {
                "php": ">=5.4"
            },
            "require-dev": {
                "codeclimate/php-test-reporter": "dev-master",
                "phpunit/phpunit": "~4.0",
                "symfony/console": "~2.5"
            },
            "type": "library",
            "autoload": {
                "psr-4": {
                    "MJS\\TopSort\\": "src/",
                    "MJS\\TopSort\\Tests\\": "tests/Tests/"
                }
            },
            "notification-url": "https://packagist.org/downloads/",
            "license": [
                "MIT"
            ],
            "authors": [
                {
                    "name": "Marc J. Schmidt",
                    "email": "marc@marcjschmidt.de"
                }
            ],
            "description": "High-Performance TopSort/Dependency resolving algorithm",
            "keywords": [
                "dependency resolving",
                "topological sort",
                "topsort"
            ],
            "time": "2016-11-19T14:58:11+00:00"
        },
        {
            "name": "tivie/php-os-detector",
            "version": "1.1.0",
            "source": {
                "type": "git",
                "url": "https://github.com/tivie/php-os-detector.git",
                "reference": "9461dcd85c00e03842264f2fc8ccdc8d46867321"
            },
            "dist": {
                "type": "zip",
                "url": "https://api.github.com/repos/tivie/php-os-detector/zipball/9461dcd85c00e03842264f2fc8ccdc8d46867321",
                "reference": "9461dcd85c00e03842264f2fc8ccdc8d46867321",
                "shasum": ""
            },
            "require": {
                "php": ">=5.3.0"
            },
            "require-dev": {
                "phpunit/phpunit": "4.3.*"
            },
            "type": "library",
            "autoload": {
                "psr-4": {
                    "Tivie\\OS\\": "src/"
                }
            },
            "notification-url": "https://packagist.org/downloads/",
            "license": [
                "APACHE 2.0"
            ],
            "authors": [
                {
                    "name": "Estevão Soares dos Santos",
                    "email": "estevao@soares-dos-santos.com"
                }
            ],
            "description": "A small utility library that detects the OS the server is running on",
            "homepage": "http://tivie.github.com/php-os-detector/",
            "keywords": [
                "detection",
                "detector",
                "identification",
                "operating system",
                "os",
                "os detection"
            ],
            "time": "2017-10-21T03:33:59+00:00"
        }
    ],
    "packages-dev": [],
    "aliases": [],
    "minimum-stability": "dev",
    "stability-flags": [],
    "prefer-stable": false,
    "prefer-lowest": false,
    "platform": {
        "php": ">=5.3.0"
    },
    "platform-dev": []
}
