{
    "_readme": [
        "This file locks the dependencies of your project to a known state",
        "Read more about it at https://getcomposer.org/doc/01-basic-usage.md#installing-dependencies",
        "This file is @generated automatically"
    ],
    "content-hash": "a66b4afbaa3977dc4fd1e46eefb8236d",
    "packages": [
        {
            "name": "seld/jsonlint",
            "version": "1.7.1",
            "source": {
                "type": "git",
                "url": "https://github.com/Seldaek/jsonlint.git",
                "reference": "d15f59a67ff805a44c50ea0516d2341740f81a38"
            },
            "dist": {
                "type": "zip",
                "url": "https://api.github.com/repos/Seldaek/jsonlint/zipball/d15f59a67ff805a44c50ea0516d2341740f81a38",
                "reference": "d15f59a67ff805a44c50ea0516d2341740f81a38",
                "shasum": ""
            },
            "require": {
                "php": "^5.3 || ^7.0"
            },
            "require-dev": {
                "phpunit/phpunit": "^4.8.35 || ^5.7 || ^6.0"
            },
            "bin": [
                "bin/jsonlint"
            ],
            "type": "library",
            "autoload": {
                "psr-4": {
                    "Seld\\JsonLint\\": "src/Seld/JsonLint/"
                }
            },
            "notification-url": "https://packagist.org/downloads/",
            "license": [
                "MIT"
            ],
            "authors": [
                {
                    "name": "Jordi Boggiano",
                    "email": "j.boggiano@seld.be",
                    "homepage": "http://seld.be"
                }
            ],
            "description": "JSON Linter",
            "keywords": [
                "json",
                "linter",
                "parser",
                "validator"
            ],
            "time": "2018-01-24T12:46:19+00:00"
        },
        {
            "name": "tivie/php-os-detector",
            "version": "1.1.0",
            "source": {
                "type": "git",
                "url": "https://github.com/tivie/php-os-detector.git",
                "reference": "9461dcd85c00e03842264f2fc8ccdc8d46867321"
            },
            "dist": {
                "type": "zip",
                "url": "https://api.github.com/repos/tivie/php-os-detector/zipball/9461dcd85c00e03842264f2fc8ccdc8d46867321",
                "reference": "9461dcd85c00e03842264f2fc8ccdc8d46867321",
                "shasum": ""
            },
            "require": {
                "php": ">=5.3.0"
            },
            "require-dev": {
                "phpunit/phpunit": "4.3.*"
            },
            "type": "library",
            "autoload": {
                "psr-4": {
                    "Tivie\\OS\\": "src/"
                }
            },
            "notification-url": "https://packagist.org/downloads/",
            "license": [
                "APACHE 2.0"
            ],
            "authors": [
                {
                    "name": "Estevão Soares dos Santos",
                    "email": "estevao@soares-dos-santos.com"
                }
            ],
            "description": "A small utility library that detects the OS the server is running on",
            "homepage": "http://tivie.github.com/php-os-detector/",
            "keywords": [
                "detection",
                "detector",
                "identification",
                "operating system",
                "os",
                "os detection"
            ],
            "time": "2017-10-21T03:33:59+00:00"
        },
        {
            "name": "vaimo/composer-patches",
            "version": "4.17.10",
            "source": {
                "type": "git",
                "url": "https://github.com/vaimo/composer-patches.git",
                "reference": "380cd58652411542280d46b34350c1f45acd9660"
            },
            "dist": {
                "type": "zip",
                "url": "https://api.github.com/repos/vaimo/composer-patches/zipball/380cd58652411542280d46b34350c1f45acd9660",
                "reference": "380cd58652411542280d46b34350c1f45acd9660",
                "shasum": ""
            },
            "require": {
                "composer-plugin-api": "^1.0",
                "ext-json": "*",
                "php": ">=5.3.0",
                "seld/jsonlint": "^1.7.1",
                "tivie/php-os-detector": "^1.0",
                "vaimo/topological-sort": "^1.0"
            },
            "require-dev": {
                "composer/composer": "^1.0.0",
                "phpcompatibility/php-compatibility": "^9.1.1",
                "phpmd/phpmd": "^2.6.0",
                "phpunit/phpunit": "^4.8.36",
                "sebastian/phpcpd": "^1.4.3",
                "squizlabs/php_codesniffer": "^2.9.2",
                "vaimo/composer-changelogs": "^0.15.1"
            },
            "type": "composer-plugin",
            "extra": {
                "class": "Vaimo\\ComposerPatches\\Plugin",
                "changelog": {
                    "source": "changelog.json",
                    "output": {
                        "md": "CHANGELOG.md"
                    }
                }
            },
            "autoload": {
                "psr-4": {
                    "Vaimo\\ComposerPatches\\": "src"
                }
            },
            "notification-url": "https://packagist.org/downloads/",
            "license": [
                "MIT"
            ],
            "authors": [
                {
                    "name": "Allan Paiste",
                    "email": "allan.paiste@vaimo.com"
                }
            ],
            "description": "Applies a patch from a local or remote file to any package that is part of a given composer project. Patches can be defined both on project and on package level. Optional support for patch versioning, sequencing, custom patch applier configuration and patch command for testing/troubleshooting added patches.",
            "keywords": [
                "Fixes",
                "back-ports",
                "backports",
                "bulk patches",
                "bundled patches",
                "composer command",
                "composer plugin",
                "configurable patch applier",
                "development patches",
                "downloaded patches",
                "environment flags",
                "hot-fixes",
                "hotfixes",
                "indirect restrictions",
                "maintenance",
                "maintenance tools",
                "multi-version patches",
                "multiple formats",
                "os-specific config",
                "package bug-fix",
                "package patches",
                "patch branching",
                "patch command",
                "patch description",
                "patch exclusion",
                "patch header",
                "patch meta-data",
                "patch resolve",
                "patch search",
                "patch skipping",
                "patcher",
                "patching",
                "plugin",
                "remote patch files",
                "resolve patches",
                "skipped packages",
                "tools",
                "utilities",
                "utility",
                "utils",
                "version restriction"
            ],
            "time": "2019-08-25T14:29:07+00:00"
        },
        {
            "name": "vaimo/composer-patches-target1",
            "version": "1.0.0",
            "dist": {
                "type": "path",
                "url": "modules/composer-patches-target1",
                "reference": "d9168f11f64a775069e1d8afec9c6317337e85ab"
            },
            "type": "library",
            "license": [
                "MIT"
            ],
            "description": "Mock module for testing the patch applier",
            "transport-options": {
                "symlink": false
            }
        },
        {
            "name": "vaimo/composer-patches-target2",
            "version": "1.2.0",
            "dist": {
                "type": "path",
                "url": "modules/composer-patches-target2",
                "reference": "e5344b038b6d29ef554c95ff9dfe3176bf06e40a"
            },
            "type": "library",
            "license": [
                "MIT"
            ],
            "description": "Mock module for testing the patch applier",
            "transport-options": {
                "symlink": false
            }
        },
        {
            "name": "vaimo/composer-patches-target3",
            "version": "1.2.3",
            "dist": {
                "type": "path",
                "url": "modules/composer-patches-target3",
                "reference": "3c418ce31877ead2bc84f2beab8ada9ca6c7619b"
            },
            "type": "library",
            "license": [
                "MIT"
            ],
            "description": "Mock module for testing the patch applier",
            "transport-options": {
                "symlink": false
            }
        },
        {
            "name": "vaimo/topological-sort",
            "version": "1.0.0",
            "source": {
                "type": "git",
                "url": "https://github.com/vaimo/topological-sort.git",
                "reference": "e19b93df2bac0e995ecd4b982ec4ea2fb1131e64"
            },
            "dist": {
                "type": "zip",
                "url": "https://api.github.com/repos/vaimo/topological-sort/zipball/e19b93df2bac0e995ecd4b982ec4ea2fb1131e64",
                "reference": "e19b93df2bac0e995ecd4b982ec4ea2fb1131e64",
                "shasum": ""
            },
            "require": {
                "php": ">=5.3"
            },
            "require-dev": {
                "codeclimate/php-test-reporter": "dev-master",
                "phpcompatibility/php-compatibility": "^9.1.1",
                "phpmd/phpmd": "^2.6.0",
                "phpunit/phpunit": "~4.0",
                "squizlabs/php_codesniffer": "^2.9.2",
                "symfony/console": "~2.5 || ~3.0 || ~4.0"
            },
            "type": "library",
            "autoload": {
                "psr-4": {
                    "Vaimo\\TopSort\\": "src/",
                    "Vaimo\\TopSort\\Tests\\": "tests/Tests/"
                }
            },
            "notification-url": "https://packagist.org/downloads/",
            "license": [
                "MIT"
            ],
            "authors": [
                {
                    "name": "Marc J. Schmidt",
                    "email": "marc@marcjschmidt.de"
                }
            ],
            "description": "High-Performance TopSort/Dependency resolving algorithm (compatibility version to work with 5.3)",
            "keywords": [
                "dependency resolving",
                "topological sort",
                "topsort"
            ],
            "time": "2019-04-13T14:15:06+00:00"
        }
    ],
    "packages-dev": [],
    "aliases": [],
    "minimum-stability": "stable",
    "stability-flags": [],
    "prefer-stable": false,
    "prefer-lowest": false,
    "platform": [],
    "platform-dev": []
}
